
Microsoft Visual Studio Solution File, Format Version 12.00
# Visual Studio Version 17
VisualStudioVersion = 17.4.33205.214
MinimumVisualStudioVersion = 10.0.40219.1
Project("{FAE04EC0-301F-11D3-BF4B-00C04F79EFBC}") = "FTPDataFeed", "FTPDataFeed\FTPDataFeed.csproj", "{B1596875-3561-4EF0-8680-A49F7E5CA3C1}"
EndProject
Project("{FAE04EC0-301F-11D3-BF4B-00C04F79EFBC}") = "DataFeed.Model", "DataFeed.Model\DataFeed.Model.csproj", "{7F19DDB8-5A10-4C66-96C9-A78957DCDFA4}"
EndProject
Project("{FAE04EC0-301F-11D3-BF4B-00C04F79EFBC}") = "DataFeed.Persistence", "DataFeed.Persistence\DataFeed.Persistence.csproj", "{CA564CFE-846A-4204-BFD5-89CD35E5DF96}"
EndProject
Project("{FAE04EC0-301F-11D3-BF4B-00C04F79EFBC}") = "DataFeed.Service", "DataFeed.Service\DataFeed.Service.csproj", "{A32E7164-34B1-4944-B7A8-C5E4DF5CAFDC}"
EndProject
Project("{FAE04EC0-301F-11D3-BF4B-00C04F79EFBC}") = "DataFeed.Common", "DataFeed.Common\DataFeed.Common.csproj", "{AB23DCA7-30FE-4265-9A4D-03D59D1CADCB}"
EndProject
Global
	GlobalSection(SolutionConfigurationPlatforms) = preSolution
		Debug|Any CPU = Debug|Any CPU
		Release|Any CPU = Release|Any CPU
	EndGlobalSection
	GlobalSection(ProjectConfigurationPlatforms) = postSolution
		{B1596875-3561-4EF0-8680-A49F7E5CA3C1}.Debug|Any CPU.ActiveCfg = Debug|Any CPU
		{B1596875-3561-4EF0-8680-A49F7E5CA3C1}.Debug|Any CPU.Build.0 = Debug|Any CPU
		{B1596875-3561-4EF0-8680-A49F7E5CA3C1}.Release|Any CPU.ActiveCfg = Release|Any CPU
		{B1596875-3561-4EF0-8680-A49F7E5CA3C1}.Release|Any CPU.Build.0 = Release|Any CPU
		{7F19DDB8-5A10-4C66-96C9-A78957DCDFA4}.Debug|Any CPU.ActiveCfg = Debug|Any CPU
		{7F19DDB8-5A10-4C66-96C9-A78957DCDFA4}.Debug|Any CPU.Build.0 = Debug|Any CPU
		{7F19DDB8-5A10-4C66-96C9-A78957DCDFA4}.Release|Any CPU.ActiveCfg = Release|Any CPU
		{7F19DDB8-5A10-4C66-96C9-A78957DCDFA4}.Release|Any CPU.Build.0 = Release|Any CPU
		{CA564CFE-846A-4204-BFD5-89CD35E5DF96}.Debug|Any CPU.ActiveCfg = Debug|Any CPU
		{CA564CFE-846A-4204-BFD5-89CD35E5DF96}.Debug|Any CPU.Build.0 = Debug|Any CPU
		{CA564CFE-846A-4204-BFD5-89CD35E5DF96}.Release|Any CPU.ActiveCfg = Release|Any CPU
		{CA564CFE-846A-4204-BFD5-89CD35E5DF96}.Release|Any CPU.Build.0 = Release|Any CPU
		{A32E7164-34B1-4944-B7A8-C5E4DF5CAFDC}.Debug|Any CPU.ActiveCfg = Debug|Any CPU
		{A32E7164-34B1-4944-B7A8-C5E4DF5CAFDC}.Debug|Any CPU.Build.0 = Debug|Any CPU
		{A32E7164-34B1-4944-B7A8-C5E4DF5CAFDC}.Release|Any CPU.ActiveCfg = Release|Any CPU
		{A32E7164-34B1-4944-B7A8-C5E4DF5CAFDC}.Release|Any CPU.Build.0 = Release|Any CPU
		{AB23DCA7-30FE-4265-9A4D-03D59D1CADCB}.Debug|Any CPU.ActiveCfg = Debug|Any CPU
		{AB23DCA7-30FE-4265-9A4D-03D59D1CADCB}.Debug|Any CPU.Build.0 = Debug|Any CPU
		{AB23DCA7-30FE-4265-9A4D-03D59D1CADCB}.Release|Any CPU.ActiveCfg = Release|Any CPU
		{AB23DCA7-30FE-4265-9A4D-03D59D1CADCB}.Release|Any CPU.Build.0 = Release|Any CPU
	EndGlobalSection
	GlobalSection(SolutionProperties) = preSolution
		HideSolutionNode = FALSE
	EndGlobalSection
	GlobalSection(ExtensibilityGlobals) = postSolution
		SolutionGuid = {65A01DBB-E54C-49EB-8732-3B53CCACAF0F}
	EndGlobalSection
EndGlobal
